
Microsoft Visual Studio Solution File, Format Version 12.00
# Visual Studio 15
VisualStudioVersion = 15.0.28307.421
MinimumVisualStudioVersion = 10.0.40219.1
Project("{FAE04EC0-301F-11D3-BF4B-00C04F79EFBC}") = "BookManager", "BookManager\BookManager.csproj", "{D5E6BC55-99BC-4300-A1FE-87CB9C20049C}"
EndProject
Global
	GlobalSection(SolutionConfigurationPlatforms) = preSolution
		Debug|Any CPU = Debug|Any CPU
		Release|Any CPU = Release|Any CPU
	EndGlobalSection
	GlobalSection(ProjectConfigurationPlatforms) = postSolution
		{D5E6BC55-99BC-4300-A1FE-87CB9C20049C}.Debug|Any CPU.ActiveCfg = Debug|Any CPU
		{D5E6BC55-99BC-4300-A1FE-87CB9C20049C}.Debug|Any CPU.Build.0 = Debug|Any CPU
		{D5E6BC55-99BC-4300-A1FE-87CB9C20049C}.Release|Any CPU.ActiveCfg = Release|Any CPU
		{D5E6BC55-99BC-4300-A1FE-87CB9C20049C}.Release|Any CPU.Build.0 = Release|Any CPU
	EndGlobalSection
	GlobalSection(SolutionProperties) = preSolution
		HideSolutionNode = FALSE
	EndGlobalSection
	GlobalSection(ExtensibilityGlobals) = postSolution
		SolutionGuid = {651EB819-68D8-42AA-861C-22FC100F1895}
	EndGlobalSection
EndGlobal
